
Microsoft Visual Studio Solution File, Format Version 12.00
# Visual Studio Version 16
VisualStudioVersion = 16.0.30804.86
MinimumVisualStudioVersion = 10.0.40219.1
Project("{FAE04EC0-301F-11D3-BF4B-00C04F79EFBC}") = "MyFirstApi", "MyFirstApi\MyFirstApi.csproj", "{F566613C-B638-4721-93A0-069F5143B939}"
EndProject
Global
	GlobalSection(SolutionConfigurationPlatforms) = preSolution
		Debug|Any CPU = Debug|Any CPU
		Release|Any CPU = Release|Any CPU
	EndGlobalSection
	GlobalSection(ProjectConfigurationPlatforms) = postSolution
		{F566613C-B638-4721-93A0-069F5143B939}.Debug|Any CPU.ActiveCfg = Debug|Any CPU
		{F566613C-B638-4721-93A0-069F5143B939}.Debug|Any CPU.Build.0 = Debug|Any CPU
		{F566613C-B638-4721-93A0-069F5143B939}.Release|Any CPU.ActiveCfg = Release|Any CPU
		{F566613C-B638-4721-93A0-069F5143B939}.Release|Any CPU.Build.0 = Release|Any CPU
	EndGlobalSection
	GlobalSection(SolutionProperties) = preSolution
		HideSolutionNode = FALSE
	EndGlobalSection
	GlobalSection(ExtensibilityGlobals) = postSolution
		SolutionGuid = {6EBA8E31-7E6B-49B1-8660-A577E1B3C36C}
	EndGlobalSection
EndGlobal
